<?xml version="1.0" encoding="utf-8"?>
<Project ToolsVersion="4.0" xmlns="http://schemas.microsoft.com/developer/msbuild/2003">
  <ItemGroup>
    <Filter Include="Source Files">
      <UniqueIdentifier>{4FC737F1-C7A5-4376-A066-2A32D752A2FF}</UniqueIdentifier>
      <Extensions>cpp;c;cc;cxx;def;odl;idl;hpj;bat;asm;asmx</Extensions>
    </Filter>
    <Filter Include="Header Files">
      <UniqueIdentifier>{93995380-89BD-4b04-88EB-625FBE52EBFB}</UniqueIdentifier>
      <Extensions>h;hpp;hxx;hm;inl;inc;xsd</Extensions>
    </Filter>
    <Filter Include="Resource Files">
      <UniqueIdentifier>{67DA6AB6-F800-4c08-8B7A-83BB121AAD01}</UniqueIdentifier>
      <Extensions>rc;ico;cur;bmp;dlg;rc2;rct;bin;rgs;gif;jpg;jpeg;jpe;resx;tiff;tif;png;wav</Extensions>
    </Filter>
  </ItemGroup>
  <ItemGroup>
    <ClCompile Include="AssemblyInfo.cpp">
      <Filter>Source Files</Filter>
    </ClCompile>
    <ClCompile Include="Assignment3-Forms.cpp">
      <Filter>Source Files</Filter>
    </ClCompile>
    <ClCompile Include="stdafx.cpp">
      <Filter>Source Files</Filter>
    </ClCompile>
    <ClCompile Include="Logger.cpp">
      <Filter>Source Files</Filter>
    </ClCompile>
    <ClCompile Include="Entity.cpp">
      <Filter>Source Files</Filter>
    </ClCompile>
    <ClCompile Include="ICharacter.cpp">
      <Filter>Source Files</Filter>
    </ClCompile>
    <ClCompile Include="IWeapon.cpp">
      <Filter>Source Files</Filter>
    </ClCompile>
    <ClCompile Include="Type.cpp">
      <Filter>Source Files</Filter>
    </ClCompile>
    <ClCompile Include="ISpell.cpp">
      <Filter>Source Files</Filter>
    </ClCompile>
    <ClCompile Include="IMagicalObject.cpp">
      <Filter>Source Files</Filter>
    </ClCompile>
  </ItemGroup>
  <ItemGroup>
    <ClInclude Include="Form1.h">
      <Filter>Header Files</Filter>
    </ClInclude>
    <ClInclude Include="resource.h">
      <Filter>Header Files</Filter>
    </ClInclude>
    <ClInclude Include="stdafx.h">
      <Filter>Header Files</Filter>
    </ClInclude>
    <ClInclude Include="Logger.h">
      <Filter>Header Files</Filter>
    </ClInclude>
    <ClInclude Include="Entity.h">
      <Filter>Header Files</Filter>
    </ClInclude>
    <ClInclude Include="ICharacter.h">
      <Filter>Header Files</Filter>
    </ClInclude>
    <ClInclude Include="IWeapon.h">
      <Filter>Header Files</Filter>
    </ClInclude>
    <ClInclude Include="Type.h">
      <Filter>Header Files</Filter>
    </ClInclude>
    <ClInclude Include="ISpell.h">
      <Filter>Header Files</Filter>
    </ClInclude>
    <ClInclude Include="IMagicalObject.h">
      <Filter>Header Files</Filter>
    </ClInclude>
  </ItemGroup>
  <ItemGroup>
    <Image Include="app.ico">
      <Filter>Resource Files</Filter>
    </Image>
    <Image Include="Imgs\magic.png">
      <Filter>Resource Files</Filter>
    </Image>
    <Image Include="Imgs\Spell5.png">
      <Filter>Resource Files</Filter>
    </Image>
    <Image Include="Imgs\Spell6.png">
      <Filter>Resource Files</Filter>
    </Image>
    <Image Include="Imgs\Spell7.png">
      <Filter>Resource Files</Filter>
    </Image>
    <Image Include="Imgs\Spell8.png">
      <Filter>Resource Files</Filter>
    </Image>
    <Image Include="..\pictures\axe.png">
      <Filter>Resource Files</Filter>
    </Image>
    <Image Include="..\pictures\catapult.jpg">
      <Filter>Resource Files</Filter>
    </Image>
    <Image Include="..\pictures\cloak.jpg">
      <Filter>Resource Files</Filter>
    </Image>
    <Image Include="..\pictures\creature.jpg">
      <Filter>Resource Files</Filter>
    </Image>
    <Image Include="..\pictures\daggers.bmp">
      <Filter>Resource Files</Filter>
    </Image>
    <Image Include="..\pictures\hero.bmp">
      <Filter>Resource Files</Filter>
    </Image>
    <Image Include="..\pictures\heroine.jpg">
      <Filter>Resource Files</Filter>
    </Image>
    <Image Include="..\pictures\shield.bmp">
      <Filter>Resource Files</Filter>
    </Image>
    <Image Include="..\pictures\spell.bmp">
      <Filter>Resource Files</Filter>
    </Image>
    <Image Include="..\pictures\spell-revealer.gif">
      <Filter>Resource Files</Filter>
    </Image>
    <Image Include="..\pictures\spell-stunning.bmp">
      <Filter>Resource Files</Filter>
    </Image>
    <Image Include="..\pictures\spell-summon.bmp">
      <Filter>Resource Files</Filter>
    </Image>
    <Image Include="..\pictures\sponsor.jpg">
      <Filter>Resource Files</Filter>
    </Image>
    <Image Include="..\pictures\Staff3.png">
      <Filter>Resource Files</Filter>
    </Image>
    <Image Include="..\pictures\sword.bmp">
      <Filter>Resource Files</Filter>
    </Image>
    <Image Include="..\pictures\transporter.png">
      <Filter>Resource Files</Filter>
    </Image>
    <Image Include="..\pictures\wand.jpg">
      <Filter>Resource Files</Filter>
    </Image>
    <Image Include="..\pictures\worker.bmp">
      <Filter>Resource Files</Filter>
    </Image>
    <Image Include="..\pictures\witch.bmp">
      <Filter>Resource Files</Filter>
    </Image>
    <Image Include="..\pictures\wizard.png">
      <Filter>Resource Files</Filter>
    </Image>
  </ItemGroup>
  <ItemGroup>
    <ResourceCompile Include="app.rc">
      <Filter>Resource Files</Filter>
    </ResourceCompile>
  </ItemGroup>
  <ItemGroup>
    <Text Include="ReadMe.txt" />
  </ItemGroup>
  <ItemGroup>
    <EmbeddedResource Include="Form1.resX">
      <Filter>Resource Files</Filter>
    </EmbeddedResource>
  </ItemGroup>
</Project>