
Microsoft Visual Studio Solution File, Format Version 12.00
# Visual Studio 2012
Project("{8BC9CEB8-8B4A-11D0-8D11-00A0C91BC942}") = "Assignment3-Forms", "Assignment3-Forms\Assignment3-Forms.vcxproj", "{9C9C4BCB-4E2E-4395-B6E2-C1084644A7E3}"
EndProject
Global
	GlobalSection(SolutionConfigurationPlatforms) = preSolution
		Debug|Win32 = Debug|Win32
		Release|Win32 = Release|Win32
	EndGlobalSection
	GlobalSection(ProjectConfigurationPlatforms) = postSolution
		{9C9C4BCB-4E2E-4395-B6E2-C1084644A7E3}.Debug|Win32.ActiveCfg = Debug|Win32
		{9C9C4BCB-4E2E-4395-B6E2-C1084644A7E3}.Debug|Win32.Build.0 = Debug|Win32
		{9C9C4BCB-4E2E-4395-B6E2-C1084644A7E3}.Release|Win32.ActiveCfg = Release|Win32
		{9C9C4BCB-4E2E-4395-B6E2-C1084644A7E3}.Release|Win32.Build.0 = Release|Win32
	EndGlobalSection
	GlobalSection(SolutionProperties) = preSolution
		HideSolutionNode = FALSE
	EndGlobalSection
EndGlobal
